
Microsoft Visual Studio Solution File, Format Version 12.00
# Visual Studio 15
VisualStudioVersion = 15.0.26730.3
MinimumVisualStudioVersion = 10.0.40219.1
Project("{888888A0-9F3D-457C-B088-3A5042F75D52}") = "Cluster_wk6", "Cluster_wk6\Cluster_wk6.pyproj", "{0E3AD18F-52B3-4EAA-9B85-ABA433710A03}"
EndProject
Global
	GlobalSection(SolutionConfigurationPlatforms) = preSolution
		Debug|Any CPU = Debug|Any CPU
		Release|Any CPU = Release|Any CPU
	EndGlobalSection
	GlobalSection(ProjectConfigurationPlatforms) = postSolution
		{0E3AD18F-52B3-4EAA-9B85-ABA433710A03}.Debug|Any CPU.ActiveCfg = Debug|Any CPU
		{0E3AD18F-52B3-4EAA-9B85-ABA433710A03}.Release|Any CPU.ActiveCfg = Release|Any CPU
	EndGlobalSection
	GlobalSection(SolutionProperties) = preSolution
		HideSolutionNode = FALSE
	EndGlobalSection
	GlobalSection(ExtensibilityGlobals) = postSolution
		SolutionGuid = {400ACC38-7FCB-467E-9688-3E02491BE4F7}
	EndGlobalSection
EndGlobal
